
Microsoft Visual Studio Solution File, Format Version 12.00
# Visual Studio Version 16
VisualStudioVersion = 16.0.29709.97
MinimumVisualStudioVersion = 10.0.40219.1
Project("{FAE04EC0-301F-11D3-BF4B-00C04F79EFBC}") = "Tables", "Tables\Tables.csproj", "{EA705956-2DB9-4E21-87A7-907D2C8BDDA5}"
EndProject
Global
	GlobalSection(SolutionConfigurationPlatforms) = preSolution
		Debug|Any CPU = Debug|Any CPU
		Release|Any CPU = Release|Any CPU
	EndGlobalSection
	GlobalSection(ProjectConfigurationPlatforms) = postSolution
		{EA705956-2DB9-4E21-87A7-907D2C8BDDA5}.Debug|Any CPU.ActiveCfg = Debug|Any CPU
		{EA705956-2DB9-4E21-87A7-907D2C8BDDA5}.Debug|Any CPU.Build.0 = Debug|Any CPU
		{EA705956-2DB9-4E21-87A7-907D2C8BDDA5}.Release|Any CPU.ActiveCfg = Release|Any CPU
		{EA705956-2DB9-4E21-87A7-907D2C8BDDA5}.Release|Any CPU.Build.0 = Release|Any CPU
	EndGlobalSection
	GlobalSection(SolutionProperties) = preSolution
		HideSolutionNode = FALSE
	EndGlobalSection
	GlobalSection(ExtensibilityGlobals) = postSolution
		SolutionGuid = {837DE9AA-837F-4F23-B7CB-3983BA6E38E1}
	EndGlobalSection
EndGlobal
